<?xml version="1.0" encoding="utf-8"?>
<Project ToolsVersion="4.0" xmlns="http://schemas.microsoft.com/developer/msbuild/2003">
  <ItemGroup>
    <ClCompile Include="Source\Log.cpp">
      <Filter>Utils</Filter>
    </ClCompile>
    <ClCompile Include="Source\External\PugiXml\src\pugixml.cpp">
      <Filter>External\PugiXml</Filter>
    </ClCompile>
    <ClCompile Include="Source\App.cpp">
      <Filter>Core</Filter>
    </ClCompile>
    <ClCompile Include="Source\Main.cpp">
      <Filter>Core</Filter>
    </ClCompile>
    <ClCompile Include="Source\Audio.cpp">
      <Filter>Modules</Filter>
    </ClCompile>
    <ClCompile Include="Source\EntityManager.cpp">
      <Filter>Modules</Filter>
    </ClCompile>
    <ClCompile Include="Source\Input.cpp">
      <Filter>Modules</Filter>
    </ClCompile>
    <ClCompile Include="Source\Physics.cpp">
      <Filter>Modules</Filter>
    </ClCompile>
    <ClCompile Include="Source\Render.cpp">
      <Filter>Modules</Filter>
    </ClCompile>
    <ClCompile Include="Source\Scene.cpp">
      <Filter>Modules</Filter>
    </ClCompile>
    <ClCompile Include="Source\Textures.cpp">
      <Filter>Modules</Filter>
    </ClCompile>
    <ClCompile Include="Source\Window.cpp">
      <Filter>Modules</Filter>
    </ClCompile>
    <ClCompile Include="Source\Item.cpp">
      <Filter>Entities</Filter>
    </ClCompile>
    <ClCompile Include="Source\Cannon.cpp">
      <Filter>Entities</Filter>
    </ClCompile>
    <ClCompile Include="Source\PerfTimer.cpp">
      <Filter>Tools</Filter>
    </ClCompile>
    <ClCompile Include="Source\Timer.cpp">
      <Filter>Tools</Filter>
    </ClCompile>
    <ClCompile Include="Source\IntroScreen.cpp">
      <Filter>Modules</Filter>
    </ClCompile>
    <ClCompile Include="Source\ModuleFonts.cpp">
      <Filter>Modules</Filter>
    </ClCompile>
    <ClCompile Include="Source\PinballPieces.cpp">
      <Filter>Modules</Filter>
    </ClCompile>
    <ClCompile Include="Source\Reload.cpp">
      <Filter>Modules</Filter>
    </ClCompile>
    <ClCompile Include="Source\ReloadPreset.h">
      <Filter>Structs</Filter>
    </ClCompile>
    <ClCompile Include="Source\Pala.cpp">
      <Filter>Entities</Filter>
    </ClCompile>
    <ClCompile Include="Source\Map.cpp">
      <Filter>Modules</Filter>
    </ClCompile>
    <ClCompile Include="Source\Puntuation.cpp">
      <Filter>Modules</Filter>
    </ClCompile>
    <ClCompile Include="Source\Ball.cpp">
      <Filter>Entities</Filter>
    </ClCompile>
    <ClCompile Include="Source\Bumper.cpp">
      <Filter>Entities</Filter>
    </ClCompile>
    <ClCompile Include="Source\LoseScreen.cpp">
      <Filter>Modules</Filter>
    </ClCompile>
    <ClCompile Include="Source\DeathCollision.cpp">
      <Filter>Entities</Filter>
    </ClCompile>
  </ItemGroup>
  <ItemGroup>
    <ClInclude Include="Source\Defs.h">
      <Filter>Utils</Filter>
    </ClInclude>
    <ClInclude Include="Source\DynArray.h">
      <Filter>Utils</Filter>
    </ClInclude>
    <ClInclude Include="Source\List.h">
      <Filter>Utils</Filter>
    </ClInclude>
    <ClInclude Include="Source\Log.h">
      <Filter>Utils</Filter>
    </ClInclude>
    <ClInclude Include="Source\Point.h">
      <Filter>Utils</Filter>
    </ClInclude>
    <ClInclude Include="Source\SString.h">
      <Filter>Utils</Filter>
    </ClInclude>
    <ClInclude Include="Source\External\PugiXml\src\pugiconfig.hpp">
      <Filter>External\PugiXml</Filter>
    </ClInclude>
    <ClInclude Include="Source\External\PugiXml\src\pugixml.hpp">
      <Filter>External\PugiXml</Filter>
    </ClInclude>
    <ClInclude Include="Source\Queue.h">
      <Filter>Utils</Filter>
    </ClInclude>
    <ClInclude Include="Source\App.h">
      <Filter>Core</Filter>
    </ClInclude>
    <ClInclude Include="Source\Audio.h">
      <Filter>Modules</Filter>
    </ClInclude>
    <ClInclude Include="Source\EntityManager.h">
      <Filter>Modules</Filter>
    </ClInclude>
    <ClInclude Include="Source\Input.h">
      <Filter>Modules</Filter>
    </ClInclude>
    <ClInclude Include="Source\Map.h">
      <Filter>Modules</Filter>
    </ClInclude>
    <ClInclude Include="Source\Module.h">
      <Filter>Modules</Filter>
    </ClInclude>
    <ClInclude Include="Source\Physics.h">
      <Filter>Modules</Filter>
    </ClInclude>
    <ClInclude Include="Source\Render.h">
      <Filter>Modules</Filter>
    </ClInclude>
    <ClInclude Include="Source\Scene.h">
      <Filter>Modules</Filter>
    </ClInclude>
    <ClInclude Include="Source\Textures.h">
      <Filter>Modules</Filter>
    </ClInclude>
    <ClInclude Include="Source\Window.h">
      <Filter>Modules</Filter>
    </ClInclude>
    <ClInclude Include="Source\Entity.h">
      <Filter>Entities</Filter>
    </ClInclude>
    <ClInclude Include="Source\Item.h">
      <Filter>Entities</Filter>
    </ClInclude>
    <ClInclude Include="Source\Cannon.h">
      <Filter>Entities</Filter>
    </ClInclude>
    <ClInclude Include="Source\PerfTimer.h">
      <Filter>Tools</Filter>
    </ClInclude>
    <ClInclude Include="Source\Timer.h">
      <Filter>Tools</Filter>
    </ClInclude>
    <ClInclude Include="Source\IntroScreen.h">
      <Filter>Modules</Filter>
    </ClInclude>
    <ClInclude Include="Source\ModuleFonts.h">
      <Filter>Modules</Filter>
    </ClInclude>
    <ClInclude Include="Source\PinballPieces.h">
      <Filter>Modules</Filter>
    </ClInclude>
    <ClInclude Include="Source\PropertiesStruct.h">
      <Filter>Structs</Filter>
    </ClInclude>
    <ClInclude Include="Source\Reload.h">
      <Filter>Modules</Filter>
    </ClInclude>
    <ClInclude Include="Source\Pala.h">
      <Filter>Entities</Filter>
    </ClInclude>
    <ClInclude Include="Source\Puntuation.h">
      <Filter>Modules</Filter>
    </ClInclude>
    <ClInclude Include="Source\Ball.h">
      <Filter>Entities</Filter>
    </ClInclude>
    <ClInclude Include="Source\Bumper.h">
      <Filter>Entities</Filter>
    </ClInclude>
    <ClInclude Include="Source\PQueue.h">
      <Filter>Utils</Filter>
    </ClInclude>
    <ClInclude Include="Source\ScoreStruct.h">
      <Filter>Structs</Filter>
    </ClInclude>
    <ClInclude Include="Source\LoseScreen.h">
      <Filter>Modules</Filter>
    </ClInclude>
    <ClInclude Include="Source\DeathCollision.h">
      <Filter>Entities</Filter>
    </ClInclude>
  </ItemGroup>
  <ItemGroup>
    <Filter Include="External">
      <UniqueIdentifier>{83a966c7-b4bb-4eff-9c2c-3ff3c7b55a60}</UniqueIdentifier>
    </Filter>
    <Filter Include="Utils">
      <UniqueIdentifier>{2cad778a-d356-48b0-9fee-587f1bbb187e}</UniqueIdentifier>
    </Filter>
    <Filter Include="External\PugiXml">
      <UniqueIdentifier>{2855ff7f-53a1-413d-a75b-18b4ade921dd}</UniqueIdentifier>
    </Filter>
    <Filter Include="Core">
      <UniqueIdentifier>{f81426b7-d362-4645-84b3-7bfd7ecd7c3a}</UniqueIdentifier>
    </Filter>
    <Filter Include="Modules">
      <UniqueIdentifier>{b6dfee3b-09b0-4250-8023-c2a6d0198102}</UniqueIdentifier>
    </Filter>
    <Filter Include="Entities">
      <UniqueIdentifier>{df45a9a8-905d-4f55-85e2-86d323fe60a5}</UniqueIdentifier>
    </Filter>
    <Filter Include="Tools">
      <UniqueIdentifier>{05374216-4e10-446d-b70d-c17fbd3fa96b}</UniqueIdentifier>
    </Filter>
    <Filter Include="Structs">
      <UniqueIdentifier>{485843a0-6487-4beb-ab68-f8b29e235a74}</UniqueIdentifier>
    </Filter>
  </ItemGroup>
  <ItemGroup>
    <Xml Include="..\Output\config.xml" />
    <Xml Include="..\Output\scores.xml" />
  </ItemGroup>
</Project>